{
  "name": "jpeg-fuzz",
  "version": "1.0.0",
  "lockfileVersion": 1,
  "requires": true,
  "dependencies": {
    "jpeg-js": {
      "version": "0.3.6",
      "resolved": "https://registry.npmjs.org/jpeg-js/-/jpeg-js-0.3.6.tgz",
      "integrity": "sha512-MUj2XlMB8kpe+8DJUGH/3UJm4XpI8XEgZQ+CiHDeyrGoKPdW/8FJv6ku+3UiYm5Fz3CWaL+iXmD8Q4Ap6aC1Jw=="
    }
  }
}
