{
  "name": "jpeg-fuzz",
  "version": "1.0.0",
  "lockfileVersion": 1,
  "requires": true,
  "dependencies": {
    "jpeg-js": {
      "version": "0.4.0",
      "resolved": "https://registry.npmjs.org/jpeg-js/-/jpeg-js-0.4.0.tgz",
      "integrity": "sha512-960VHmtN1vTpasX/1LupLohdP5odwAT7oK/VSm6mW0M58LbrBnowLAPWAZhWGhDAGjzbMnPXZxzB/QYgBwkN0w=="
    }
  }
}
