{
    "name": "gif-fuzz",
    "version": "1.0.0",
    "lockfileVersion": 1,
    "requires": true,
    "dependencies": {
        "omggif": {
            "version": "1.0.10",
            "resolved": "https://registry.npmjs.org/omggif/-/omggif-1.0.10.tgz",
            "integrity": "sha512-LMJTtvgc/nugXj0Vcrrs68Mn2D1r0zf630VNtqtpI1FEO7e+O9FP4gqs9AcnBaSEeoHIPm28u6qgPR0oyEpGSw=="
        }
    }
}
