{
  "name": "elf-fuzz",
  "version": "1.0.0",
  "lockfileVersion": 1,
  "requires": true,
  "dependencies": {
    "elf-tools": {
      "version": "1.1.1",
      "resolved": "https://registry.npmjs.org/elf-tools/-/elf-tools-1.1.1.tgz",
      "integrity": "sha512-SZSL+FS1mooDVRc3js6jUsEtzVrTaFxjqE8aQzyfmABGBW1UvhT6LQzY305vIGaxazY3bKIbxwsYsWynkYeggA=="
    }
  }
}
